
Microsoft Visual Studio Solution File, Format Version 12.00
# Visual Studio 15
VisualStudioVersion = 15.0.28307.757
MinimumVisualStudioVersion = 10.0.40219.1
Project("{FAE04EC0-301F-11D3-BF4B-00C04F79EFBC}") = "OOP_7_8", "Lab_7_8\OOP_7_8.csproj", "{BC4CE7ED-E602-49B2-A2FA-3C7C659216B7}"
EndProject
Project("{FAE04EC0-301F-11D3-BF4B-00C04F79EFBC}") = "WpfCustomControlLibrary1", "WpfCustomControlLibrary1\WpfCustomControlLibrary1.csproj", "{67FA4462-6411-46D3-B599-B265D72C0E4B}"
EndProject
Global
	GlobalSection(SolutionConfigurationPlatforms) = preSolution
		Debug|Any CPU = Debug|Any CPU
		Release|Any CPU = Release|Any CPU
	EndGlobalSection
	GlobalSection(ProjectConfigurationPlatforms) = postSolution
		{BC4CE7ED-E602-49B2-A2FA-3C7C659216B7}.Debug|Any CPU.ActiveCfg = Debug|Any CPU
		{BC4CE7ED-E602-49B2-A2FA-3C7C659216B7}.Debug|Any CPU.Build.0 = Debug|Any CPU
		{BC4CE7ED-E602-49B2-A2FA-3C7C659216B7}.Release|Any CPU.ActiveCfg = Release|Any CPU
		{BC4CE7ED-E602-49B2-A2FA-3C7C659216B7}.Release|Any CPU.Build.0 = Release|Any CPU
		{67FA4462-6411-46D3-B599-B265D72C0E4B}.Debug|Any CPU.ActiveCfg = Debug|Any CPU
		{67FA4462-6411-46D3-B599-B265D72C0E4B}.Debug|Any CPU.Build.0 = Debug|Any CPU
		{67FA4462-6411-46D3-B599-B265D72C0E4B}.Release|Any CPU.ActiveCfg = Release|Any CPU
		{67FA4462-6411-46D3-B599-B265D72C0E4B}.Release|Any CPU.Build.0 = Release|Any CPU
	EndGlobalSection
	GlobalSection(SolutionProperties) = preSolution
		HideSolutionNode = FALSE
	EndGlobalSection
	GlobalSection(ExtensibilityGlobals) = postSolution
		SolutionGuid = {61337FC3-3274-4075-9CA0-D46A529C73B8}
	EndGlobalSection
EndGlobal
